
Microsoft Visual Studio Solution File, Format Version 11.00
# Visual Studio 2010
Project("{FAE04EC0-301F-11D3-BF4B-00C04F79EFBC}") = "Simple Weather", "Simple Weather\Simple Weather.csproj", "{F468C409-3E21-4D8A-A039-A268519DB897}"
EndProject
Project("{FAE04EC0-301F-11D3-BF4B-00C04F79EFBC}") = "UpdateSimpleWeatherTile", "UpdateSimpleWeatherTile\UpdateSimpleWeatherTile.csproj", "{27747C14-36F5-48B9-A7D5-C34D05B0A2F5}"
EndProject
Project("{FAE04EC0-301F-11D3-BF4B-00C04F79EFBC}") = "WeatherHelper", "WeatherHelper\WeatherHelper.csproj", "{7C117803-FCE0-45B7-9583-F9917A4F1BA1}"
EndProject
Global
	GlobalSection(SolutionConfigurationPlatforms) = preSolution
		Debug|Any CPU = Debug|Any CPU
		Release|Any CPU = Release|Any CPU
	EndGlobalSection
	GlobalSection(ProjectConfigurationPlatforms) = postSolution
		{F468C409-3E21-4D8A-A039-A268519DB897}.Debug|Any CPU.ActiveCfg = Debug|Any CPU
		{F468C409-3E21-4D8A-A039-A268519DB897}.Debug|Any CPU.Build.0 = Debug|Any CPU
		{F468C409-3E21-4D8A-A039-A268519DB897}.Debug|Any CPU.Deploy.0 = Debug|Any CPU
		{F468C409-3E21-4D8A-A039-A268519DB897}.Release|Any CPU.ActiveCfg = Release|Any CPU
		{F468C409-3E21-4D8A-A039-A268519DB897}.Release|Any CPU.Build.0 = Release|Any CPU
		{F468C409-3E21-4D8A-A039-A268519DB897}.Release|Any CPU.Deploy.0 = Release|Any CPU
		{27747C14-36F5-48B9-A7D5-C34D05B0A2F5}.Debug|Any CPU.ActiveCfg = Debug|Any CPU
		{27747C14-36F5-48B9-A7D5-C34D05B0A2F5}.Debug|Any CPU.Build.0 = Debug|Any CPU
		{27747C14-36F5-48B9-A7D5-C34D05B0A2F5}.Release|Any CPU.ActiveCfg = Release|Any CPU
		{27747C14-36F5-48B9-A7D5-C34D05B0A2F5}.Release|Any CPU.Build.0 = Release|Any CPU
		{7C117803-FCE0-45B7-9583-F9917A4F1BA1}.Debug|Any CPU.ActiveCfg = Debug|Any CPU
		{7C117803-FCE0-45B7-9583-F9917A4F1BA1}.Debug|Any CPU.Build.0 = Debug|Any CPU
		{7C117803-FCE0-45B7-9583-F9917A4F1BA1}.Release|Any CPU.ActiveCfg = Release|Any CPU
		{7C117803-FCE0-45B7-9583-F9917A4F1BA1}.Release|Any CPU.Build.0 = Release|Any CPU
	EndGlobalSection
	GlobalSection(SolutionProperties) = preSolution
		HideSolutionNode = FALSE
	EndGlobalSection
EndGlobal
